
Microsoft Visual Studio Solution File, Format Version 12.00
# Visual Studio Version 16
VisualStudioVersion = 16.0.30225.117
MinimumVisualStudioVersion = 10.0.40219.1
Project("{FAE04EC0-301F-11D3-BF4B-00C04F79EFBC}") = "BlazorShareComponents", "BlazorShareComponents.csproj", "{68C9EB09-3C5C-4156-A39C-9F9303026082}"
EndProject
Project("{FAE04EC0-301F-11D3-BF4B-00C04F79EFBC}") = "RazorSharedComponents", "..\RazorSharedComponents\RazorSharedComponents.csproj", "{19584D18-6A82-4633-8C86-3480E942CD82}"
EndProject
Project("{FAE04EC0-301F-11D3-BF4B-00C04F79EFBC}") = "BlazorShareComponentSite2", "..\BlazorShareComponentSite2\BlazorShareComponentSite2.csproj", "{7883F665-C1EF-45F9-985D-6A302AB3D136}"
EndProject
Global
	GlobalSection(SolutionConfigurationPlatforms) = preSolution
		Debug|Any CPU = Debug|Any CPU
		Release|Any CPU = Release|Any CPU
	EndGlobalSection
	GlobalSection(ProjectConfigurationPlatforms) = postSolution
		{68C9EB09-3C5C-4156-A39C-9F9303026082}.Debug|Any CPU.ActiveCfg = Debug|Any CPU
		{68C9EB09-3C5C-4156-A39C-9F9303026082}.Debug|Any CPU.Build.0 = Debug|Any CPU
		{68C9EB09-3C5C-4156-A39C-9F9303026082}.Release|Any CPU.ActiveCfg = Release|Any CPU
		{68C9EB09-3C5C-4156-A39C-9F9303026082}.Release|Any CPU.Build.0 = Release|Any CPU
		{19584D18-6A82-4633-8C86-3480E942CD82}.Debug|Any CPU.ActiveCfg = Debug|Any CPU
		{19584D18-6A82-4633-8C86-3480E942CD82}.Debug|Any CPU.Build.0 = Debug|Any CPU
		{19584D18-6A82-4633-8C86-3480E942CD82}.Release|Any CPU.ActiveCfg = Release|Any CPU
		{19584D18-6A82-4633-8C86-3480E942CD82}.Release|Any CPU.Build.0 = Release|Any CPU
		{7883F665-C1EF-45F9-985D-6A302AB3D136}.Debug|Any CPU.ActiveCfg = Debug|Any CPU
		{7883F665-C1EF-45F9-985D-6A302AB3D136}.Debug|Any CPU.Build.0 = Debug|Any CPU
		{7883F665-C1EF-45F9-985D-6A302AB3D136}.Release|Any CPU.ActiveCfg = Release|Any CPU
		{7883F665-C1EF-45F9-985D-6A302AB3D136}.Release|Any CPU.Build.0 = Release|Any CPU
	EndGlobalSection
	GlobalSection(SolutionProperties) = preSolution
		HideSolutionNode = FALSE
	EndGlobalSection
	GlobalSection(ExtensibilityGlobals) = postSolution
		SolutionGuid = {32C4998C-FDB4-4141-BD9C-91104A8CD4B6}
	EndGlobalSection
EndGlobal
